
Microsoft Visual Studio Solution File, Format Version 12.00
# Visual Studio Version 16
VisualStudioVersion = 16.0.30717.126
MinimumVisualStudioVersion = 10.0.40219.1
Project("{9A19103F-16F7-4668-BE54-9A1E7A4F7556}") = "Generics", "Generics\Generics.csproj", "{100E14F5-4DE8-4A40-B535-71AA5BBBA619}"
EndProject
Project("{FAE04EC0-301F-11D3-BF4B-00C04F79EFBC}") = "CustomTuple", "CustomTuple\CustomTuple.csproj", "{EF8ABFB6-5DBB-444E-BDFE-2DA6AE947FF2}"
EndProject
Global
	GlobalSection(SolutionConfigurationPlatforms) = preSolution
		Debug|Any CPU = Debug|Any CPU
		Release|Any CPU = Release|Any CPU
	EndGlobalSection
	GlobalSection(ProjectConfigurationPlatforms) = postSolution
		{100E14F5-4DE8-4A40-B535-71AA5BBBA619}.Debug|Any CPU.ActiveCfg = Debug|Any CPU
		{100E14F5-4DE8-4A40-B535-71AA5BBBA619}.Debug|Any CPU.Build.0 = Debug|Any CPU
		{100E14F5-4DE8-4A40-B535-71AA5BBBA619}.Release|Any CPU.ActiveCfg = Release|Any CPU
		{100E14F5-4DE8-4A40-B535-71AA5BBBA619}.Release|Any CPU.Build.0 = Release|Any CPU
		{EF8ABFB6-5DBB-444E-BDFE-2DA6AE947FF2}.Debug|Any CPU.ActiveCfg = Debug|Any CPU
		{EF8ABFB6-5DBB-444E-BDFE-2DA6AE947FF2}.Debug|Any CPU.Build.0 = Debug|Any CPU
		{EF8ABFB6-5DBB-444E-BDFE-2DA6AE947FF2}.Release|Any CPU.ActiveCfg = Release|Any CPU
		{EF8ABFB6-5DBB-444E-BDFE-2DA6AE947FF2}.Release|Any CPU.Build.0 = Release|Any CPU
	EndGlobalSection
	GlobalSection(SolutionProperties) = preSolution
		HideSolutionNode = FALSE
	EndGlobalSection
	GlobalSection(ExtensibilityGlobals) = postSolution
		SolutionGuid = {053C19AD-F16B-4CCF-BC98-A897E4A7DD48}
	EndGlobalSection
EndGlobal
