
Microsoft Visual Studio Solution File, Format Version 12.00
# Visual Studio Version 16
VisualStudioVersion = 16.0.30717.126
MinimumVisualStudioVersion = 10.0.40219.1
Project("{9A19103F-16F7-4668-BE54-9A1E7A4F7556}") = "FinalExamPreperation", "FinalExamPreperation\FinalExamPreperation.csproj", "{AE0BB3EA-3A00-421C-9DCC-F58ED9524EE5}"
EndProject
Project("{9A19103F-16F7-4668-BE54-9A1E7A4F7556}") = "EmojiDetector", "EmojiDetector\EmojiDetector.csproj", "{55E2ACDD-905A-4291-A82B-5B556196D57F}"
EndProject
Project("{9A19103F-16F7-4668-BE54-9A1E7A4F7556}") = "P!rates", "P!rates\P!rates.csproj", "{F5FCB29C-D8DC-42A0-8389-570C88EE96F1}"
EndProject
Project("{9A19103F-16F7-4668-BE54-9A1E7A4F7556}") = "PasswordReset", "PasswordReset\PasswordReset.csproj", "{320D71BB-E7A8-49A5-8FAA-1998818F11DB}"
EndProject
Project("{9A19103F-16F7-4668-BE54-9A1E7A4F7556}") = "FancyBarcodes", "FancyBarcodes\FancyBarcodes.csproj", "{FD92177C-8FA5-44C3-AE45-81A11337EFA1}"
EndProject
Project("{9A19103F-16F7-4668-BE54-9A1E7A4F7556}") = "HeroesOfCodeAndLogicVII", "HeroesOfCodeAndLogicVII\HeroesOfCodeAndLogicVII.csproj", "{1005D03A-DF4C-4753-A13A-93C6021CC74F}"
EndProject
Project("{9A19103F-16F7-4668-BE54-9A1E7A4F7556}") = "WorldTour", "WorldTour\WorldTour.csproj", "{8BD1DEBD-9802-472D-9BA3-DB400721BB8C}"
EndProject
Project("{9A19103F-16F7-4668-BE54-9A1E7A4F7556}") = "ConsoleApp1", "ConsoleApp1\ConsoleApp1.csproj", "{1CC52483-1D50-4EEE-AF97-EAD21EB584F2}"
EndProject
Project("{9A19103F-16F7-4668-BE54-9A1E7A4F7556}") = "PlantDiscovery", "PlantDiscovery\PlantDiscovery.csproj", "{AA468701-D8EC-47D5-8BD9-2452903F0A9C}"
EndProject
Project("{9A19103F-16F7-4668-BE54-9A1E7A4F7556}") = "SecretChat", "SecretChat\SecretChat.csproj", "{E1A300FC-59FF-4F09-813C-7040A864A387}"
EndProject
Project("{9A19103F-16F7-4668-BE54-9A1E7A4F7556}") = "Mirrorwords", "Mirrorwords\Mirrorwords.csproj", "{94FEC618-E366-4614-A163-8306F2E7451F}"
EndProject
Project("{9A19103F-16F7-4668-BE54-9A1E7A4F7556}") = "Problem2", "Problem2\Problem2.csproj", "{88B24C86-E3C9-4610-94DD-A29C163EC5AC}"
EndProject
Project("{9A19103F-16F7-4668-BE54-9A1E7A4F7556}") = "Ranking", "Ranking\Ranking.csproj", "{E4FF8510-A402-4E32-9506-A4ADAAEAE387}"
EndProject
Project("{9A19103F-16F7-4668-BE54-9A1E7A4F7556}") = "Judge", "Judge\Judge.csproj", "{07E984B0-6C13-4B52-90BF-03AF22B37220}"
EndProject
Project("{FAE04EC0-301F-11D3-BF4B-00C04F79EFBC}") = "FirstExamProblem", "FirstExamProblem\FirstExamProblem.csproj", "{936C363A-572C-4E8D-9213-0DAB39D67314}"
EndProject
Project("{FAE04EC0-301F-11D3-BF4B-00C04F79EFBC}") = "SecondExamProblem", "SecondExamProblem\SecondExamProblem.csproj", "{5AC55959-D867-41F7-A259-A759CA79AEDD}"
EndProject
Project("{FAE04EC0-301F-11D3-BF4B-00C04F79EFBC}") = "ThirdExamProblem", "ThirdExamProblem\ThirdExamProblem.csproj", "{C329A3F0-B67A-4DF3-8F03-384E87D5EE25}"
EndProject
Global
	GlobalSection(SolutionConfigurationPlatforms) = preSolution
		Debug|Any CPU = Debug|Any CPU
		Release|Any CPU = Release|Any CPU
	EndGlobalSection
	GlobalSection(ProjectConfigurationPlatforms) = postSolution
		{AE0BB3EA-3A00-421C-9DCC-F58ED9524EE5}.Debug|Any CPU.ActiveCfg = Debug|Any CPU
		{AE0BB3EA-3A00-421C-9DCC-F58ED9524EE5}.Debug|Any CPU.Build.0 = Debug|Any CPU
		{AE0BB3EA-3A00-421C-9DCC-F58ED9524EE5}.Release|Any CPU.ActiveCfg = Release|Any CPU
		{AE0BB3EA-3A00-421C-9DCC-F58ED9524EE5}.Release|Any CPU.Build.0 = Release|Any CPU
		{55E2ACDD-905A-4291-A82B-5B556196D57F}.Debug|Any CPU.ActiveCfg = Debug|Any CPU
		{55E2ACDD-905A-4291-A82B-5B556196D57F}.Debug|Any CPU.Build.0 = Debug|Any CPU
		{55E2ACDD-905A-4291-A82B-5B556196D57F}.Release|Any CPU.ActiveCfg = Release|Any CPU
		{55E2ACDD-905A-4291-A82B-5B556196D57F}.Release|Any CPU.Build.0 = Release|Any CPU
		{F5FCB29C-D8DC-42A0-8389-570C88EE96F1}.Debug|Any CPU.ActiveCfg = Debug|Any CPU
		{F5FCB29C-D8DC-42A0-8389-570C88EE96F1}.Debug|Any CPU.Build.0 = Debug|Any CPU
		{F5FCB29C-D8DC-42A0-8389-570C88EE96F1}.Release|Any CPU.ActiveCfg = Release|Any CPU
		{F5FCB29C-D8DC-42A0-8389-570C88EE96F1}.Release|Any CPU.Build.0 = Release|Any CPU
		{320D71BB-E7A8-49A5-8FAA-1998818F11DB}.Debug|Any CPU.ActiveCfg = Debug|Any CPU
		{320D71BB-E7A8-49A5-8FAA-1998818F11DB}.Debug|Any CPU.Build.0 = Debug|Any CPU
		{320D71BB-E7A8-49A5-8FAA-1998818F11DB}.Release|Any CPU.ActiveCfg = Release|Any CPU
		{320D71BB-E7A8-49A5-8FAA-1998818F11DB}.Release|Any CPU.Build.0 = Release|Any CPU
		{FD92177C-8FA5-44C3-AE45-81A11337EFA1}.Debug|Any CPU.ActiveCfg = Debug|Any CPU
		{FD92177C-8FA5-44C3-AE45-81A11337EFA1}.Debug|Any CPU.Build.0 = Debug|Any CPU
		{FD92177C-8FA5-44C3-AE45-81A11337EFA1}.Release|Any CPU.ActiveCfg = Release|Any CPU
		{FD92177C-8FA5-44C3-AE45-81A11337EFA1}.Release|Any CPU.Build.0 = Release|Any CPU
		{1005D03A-DF4C-4753-A13A-93C6021CC74F}.Debug|Any CPU.ActiveCfg = Debug|Any CPU
		{1005D03A-DF4C-4753-A13A-93C6021CC74F}.Debug|Any CPU.Build.0 = Debug|Any CPU
		{1005D03A-DF4C-4753-A13A-93C6021CC74F}.Release|Any CPU.ActiveCfg = Release|Any CPU
		{1005D03A-DF4C-4753-A13A-93C6021CC74F}.Release|Any CPU.Build.0 = Release|Any CPU
		{8BD1DEBD-9802-472D-9BA3-DB400721BB8C}.Debug|Any CPU.ActiveCfg = Debug|Any CPU
		{8BD1DEBD-9802-472D-9BA3-DB400721BB8C}.Debug|Any CPU.Build.0 = Debug|Any CPU
		{8BD1DEBD-9802-472D-9BA3-DB400721BB8C}.Release|Any CPU.ActiveCfg = Release|Any CPU
		{8BD1DEBD-9802-472D-9BA3-DB400721BB8C}.Release|Any CPU.Build.0 = Release|Any CPU
		{1CC52483-1D50-4EEE-AF97-EAD21EB584F2}.Debug|Any CPU.ActiveCfg = Debug|Any CPU
		{1CC52483-1D50-4EEE-AF97-EAD21EB584F2}.Debug|Any CPU.Build.0 = Debug|Any CPU
		{1CC52483-1D50-4EEE-AF97-EAD21EB584F2}.Release|Any CPU.ActiveCfg = Release|Any CPU
		{1CC52483-1D50-4EEE-AF97-EAD21EB584F2}.Release|Any CPU.Build.0 = Release|Any CPU
		{AA468701-D8EC-47D5-8BD9-2452903F0A9C}.Debug|Any CPU.ActiveCfg = Debug|Any CPU
		{AA468701-D8EC-47D5-8BD9-2452903F0A9C}.Debug|Any CPU.Build.0 = Debug|Any CPU
		{AA468701-D8EC-47D5-8BD9-2452903F0A9C}.Release|Any CPU.ActiveCfg = Release|Any CPU
		{AA468701-D8EC-47D5-8BD9-2452903F0A9C}.Release|Any CPU.Build.0 = Release|Any CPU
		{E1A300FC-59FF-4F09-813C-7040A864A387}.Debug|Any CPU.ActiveCfg = Debug|Any CPU
		{E1A300FC-59FF-4F09-813C-7040A864A387}.Debug|Any CPU.Build.0 = Debug|Any CPU
		{E1A300FC-59FF-4F09-813C-7040A864A387}.Release|Any CPU.ActiveCfg = Release|Any CPU
		{E1A300FC-59FF-4F09-813C-7040A864A387}.Release|Any CPU.Build.0 = Release|Any CPU
		{94FEC618-E366-4614-A163-8306F2E7451F}.Debug|Any CPU.ActiveCfg = Debug|Any CPU
		{94FEC618-E366-4614-A163-8306F2E7451F}.Debug|Any CPU.Build.0 = Debug|Any CPU
		{94FEC618-E366-4614-A163-8306F2E7451F}.Release|Any CPU.ActiveCfg = Release|Any CPU
		{94FEC618-E366-4614-A163-8306F2E7451F}.Release|Any CPU.Build.0 = Release|Any CPU
		{88B24C86-E3C9-4610-94DD-A29C163EC5AC}.Debug|Any CPU.ActiveCfg = Debug|Any CPU
		{88B24C86-E3C9-4610-94DD-A29C163EC5AC}.Debug|Any CPU.Build.0 = Debug|Any CPU
		{88B24C86-E3C9-4610-94DD-A29C163EC5AC}.Release|Any CPU.ActiveCfg = Release|Any CPU
		{88B24C86-E3C9-4610-94DD-A29C163EC5AC}.Release|Any CPU.Build.0 = Release|Any CPU
		{E4FF8510-A402-4E32-9506-A4ADAAEAE387}.Debug|Any CPU.ActiveCfg = Debug|Any CPU
		{E4FF8510-A402-4E32-9506-A4ADAAEAE387}.Debug|Any CPU.Build.0 = Debug|Any CPU
		{E4FF8510-A402-4E32-9506-A4ADAAEAE387}.Release|Any CPU.ActiveCfg = Release|Any CPU
		{E4FF8510-A402-4E32-9506-A4ADAAEAE387}.Release|Any CPU.Build.0 = Release|Any CPU
		{07E984B0-6C13-4B52-90BF-03AF22B37220}.Debug|Any CPU.ActiveCfg = Debug|Any CPU
		{07E984B0-6C13-4B52-90BF-03AF22B37220}.Debug|Any CPU.Build.0 = Debug|Any CPU
		{07E984B0-6C13-4B52-90BF-03AF22B37220}.Release|Any CPU.ActiveCfg = Release|Any CPU
		{07E984B0-6C13-4B52-90BF-03AF22B37220}.Release|Any CPU.Build.0 = Release|Any CPU
		{936C363A-572C-4E8D-9213-0DAB39D67314}.Debug|Any CPU.ActiveCfg = Debug|Any CPU
		{936C363A-572C-4E8D-9213-0DAB39D67314}.Debug|Any CPU.Build.0 = Debug|Any CPU
		{936C363A-572C-4E8D-9213-0DAB39D67314}.Release|Any CPU.ActiveCfg = Release|Any CPU
		{936C363A-572C-4E8D-9213-0DAB39D67314}.Release|Any CPU.Build.0 = Release|Any CPU
		{5AC55959-D867-41F7-A259-A759CA79AEDD}.Debug|Any CPU.ActiveCfg = Debug|Any CPU
		{5AC55959-D867-41F7-A259-A759CA79AEDD}.Debug|Any CPU.Build.0 = Debug|Any CPU
		{5AC55959-D867-41F7-A259-A759CA79AEDD}.Release|Any CPU.ActiveCfg = Release|Any CPU
		{5AC55959-D867-41F7-A259-A759CA79AEDD}.Release|Any CPU.Build.0 = Release|Any CPU
		{C329A3F0-B67A-4DF3-8F03-384E87D5EE25}.Debug|Any CPU.ActiveCfg = Debug|Any CPU
		{C329A3F0-B67A-4DF3-8F03-384E87D5EE25}.Debug|Any CPU.Build.0 = Debug|Any CPU
		{C329A3F0-B67A-4DF3-8F03-384E87D5EE25}.Release|Any CPU.ActiveCfg = Release|Any CPU
		{C329A3F0-B67A-4DF3-8F03-384E87D5EE25}.Release|Any CPU.Build.0 = Release|Any CPU
	EndGlobalSection
	GlobalSection(SolutionProperties) = preSolution
		HideSolutionNode = FALSE
	EndGlobalSection
	GlobalSection(ExtensibilityGlobals) = postSolution
		SolutionGuid = {C0384A62-E0E2-462F-B156-1D844847F033}
	EndGlobalSection
EndGlobal
