
Microsoft Visual Studio Solution File, Format Version 12.00
# Visual Studio Version 16
VisualStudioVersion = 16.0.30717.126
MinimumVisualStudioVersion = 10.0.40219.1
Project("{FAE04EC0-301F-11D3-BF4B-00C04F79EFBC}") = "Multidimensional Arrays - Exercise", "Multidimensional Arrays - Exercise\Multidimensional Arrays - Exercise.csproj", "{9E8C8FF4-1FFE-4393-B284-353B53192390}"
EndProject
Project("{FAE04EC0-301F-11D3-BF4B-00C04F79EFBC}") = "SquaresInMatrix", "SquaresInMatrix\SquaresInMatrix.csproj", "{AD42AFE8-FEC0-4DAD-9455-86F1EE2356A7}"
EndProject
Project("{FAE04EC0-301F-11D3-BF4B-00C04F79EFBC}") = "MatrixShuffling", "MatrixShuffling\MatrixShuffling.csproj", "{79FDE0EC-920A-487E-BA7A-0DB81E1341B5}"
EndProject
Project("{FAE04EC0-301F-11D3-BF4B-00C04F79EFBC}") = "JaggedArrayManipulator", "JaggedArrayManipulator\JaggedArrayManipulator.csproj", "{2888C14F-E4FA-4490-BCE0-D42DF40C78E9}"
EndProject
Project("{FAE04EC0-301F-11D3-BF4B-00C04F79EFBC}") = "MaximalSum", "MaximalSum\MaximalSum.csproj", "{A256AF96-9A92-40A5-865E-B4F2EBD49C3B}"
EndProject
Project("{FAE04EC0-301F-11D3-BF4B-00C04F79EFBC}") = "SnakeMoves", "SnakeMoves\SnakeMoves.csproj", "{AAB09ACA-03A7-40A3-A786-F74BCB9723AB}"
EndProject
Project("{FAE04EC0-301F-11D3-BF4B-00C04F79EFBC}") = "KnightGame", "KnightGame\KnightGame.csproj", "{D874282B-4152-42E8-989C-CA03ED03DF7D}"
EndProject
Global
	GlobalSection(SolutionConfigurationPlatforms) = preSolution
		Debug|Any CPU = Debug|Any CPU
		Release|Any CPU = Release|Any CPU
	EndGlobalSection
	GlobalSection(ProjectConfigurationPlatforms) = postSolution
		{9E8C8FF4-1FFE-4393-B284-353B53192390}.Debug|Any CPU.ActiveCfg = Debug|Any CPU
		{9E8C8FF4-1FFE-4393-B284-353B53192390}.Debug|Any CPU.Build.0 = Debug|Any CPU
		{9E8C8FF4-1FFE-4393-B284-353B53192390}.Release|Any CPU.ActiveCfg = Release|Any CPU
		{9E8C8FF4-1FFE-4393-B284-353B53192390}.Release|Any CPU.Build.0 = Release|Any CPU
		{AD42AFE8-FEC0-4DAD-9455-86F1EE2356A7}.Debug|Any CPU.ActiveCfg = Debug|Any CPU
		{AD42AFE8-FEC0-4DAD-9455-86F1EE2356A7}.Debug|Any CPU.Build.0 = Debug|Any CPU
		{AD42AFE8-FEC0-4DAD-9455-86F1EE2356A7}.Release|Any CPU.ActiveCfg = Release|Any CPU
		{AD42AFE8-FEC0-4DAD-9455-86F1EE2356A7}.Release|Any CPU.Build.0 = Release|Any CPU
		{79FDE0EC-920A-487E-BA7A-0DB81E1341B5}.Debug|Any CPU.ActiveCfg = Debug|Any CPU
		{79FDE0EC-920A-487E-BA7A-0DB81E1341B5}.Debug|Any CPU.Build.0 = Debug|Any CPU
		{79FDE0EC-920A-487E-BA7A-0DB81E1341B5}.Release|Any CPU.ActiveCfg = Release|Any CPU
		{79FDE0EC-920A-487E-BA7A-0DB81E1341B5}.Release|Any CPU.Build.0 = Release|Any CPU
		{2888C14F-E4FA-4490-BCE0-D42DF40C78E9}.Debug|Any CPU.ActiveCfg = Debug|Any CPU
		{2888C14F-E4FA-4490-BCE0-D42DF40C78E9}.Debug|Any CPU.Build.0 = Debug|Any CPU
		{2888C14F-E4FA-4490-BCE0-D42DF40C78E9}.Release|Any CPU.ActiveCfg = Release|Any CPU
		{2888C14F-E4FA-4490-BCE0-D42DF40C78E9}.Release|Any CPU.Build.0 = Release|Any CPU
		{A256AF96-9A92-40A5-865E-B4F2EBD49C3B}.Debug|Any CPU.ActiveCfg = Debug|Any CPU
		{A256AF96-9A92-40A5-865E-B4F2EBD49C3B}.Debug|Any CPU.Build.0 = Debug|Any CPU
		{A256AF96-9A92-40A5-865E-B4F2EBD49C3B}.Release|Any CPU.ActiveCfg = Release|Any CPU
		{A256AF96-9A92-40A5-865E-B4F2EBD49C3B}.Release|Any CPU.Build.0 = Release|Any CPU
		{AAB09ACA-03A7-40A3-A786-F74BCB9723AB}.Debug|Any CPU.ActiveCfg = Debug|Any CPU
		{AAB09ACA-03A7-40A3-A786-F74BCB9723AB}.Debug|Any CPU.Build.0 = Debug|Any CPU
		{AAB09ACA-03A7-40A3-A786-F74BCB9723AB}.Release|Any CPU.ActiveCfg = Release|Any CPU
		{AAB09ACA-03A7-40A3-A786-F74BCB9723AB}.Release|Any CPU.Build.0 = Release|Any CPU
		{D874282B-4152-42E8-989C-CA03ED03DF7D}.Debug|Any CPU.ActiveCfg = Debug|Any CPU
		{D874282B-4152-42E8-989C-CA03ED03DF7D}.Debug|Any CPU.Build.0 = Debug|Any CPU
		{D874282B-4152-42E8-989C-CA03ED03DF7D}.Release|Any CPU.ActiveCfg = Release|Any CPU
		{D874282B-4152-42E8-989C-CA03ED03DF7D}.Release|Any CPU.Build.0 = Release|Any CPU
	EndGlobalSection
	GlobalSection(SolutionProperties) = preSolution
		HideSolutionNode = FALSE
	EndGlobalSection
	GlobalSection(ExtensibilityGlobals) = postSolution
		SolutionGuid = {DE2ABE9A-29E3-4462-A14F-15BECEA5273A}
	EndGlobalSection
EndGlobal
