
Microsoft Visual Studio Solution File, Format Version 12.00
# Visual Studio Version 16
VisualStudioVersion = 16.0.30717.126
MinimumVisualStudioVersion = 10.0.40219.1
Project("{9A19103F-16F7-4668-BE54-9A1E7A4F7556}") = "ClassroomProject", "..\..\OneDrive\Работен плот\ClassroomProject.csproj", "{34A13255-88D3-4638-A8A8-CA44A301E0CB}"
EndProject
Global
	GlobalSection(SolutionConfigurationPlatforms) = preSolution
		Debug|Any CPU = Debug|Any CPU
		Release|Any CPU = Release|Any CPU
	EndGlobalSection
	GlobalSection(ProjectConfigurationPlatforms) = postSolution
		{34A13255-88D3-4638-A8A8-CA44A301E0CB}.Debug|Any CPU.ActiveCfg = Debug|Any CPU
		{34A13255-88D3-4638-A8A8-CA44A301E0CB}.Debug|Any CPU.Build.0 = Debug|Any CPU
		{34A13255-88D3-4638-A8A8-CA44A301E0CB}.Release|Any CPU.ActiveCfg = Release|Any CPU
		{34A13255-88D3-4638-A8A8-CA44A301E0CB}.Release|Any CPU.Build.0 = Release|Any CPU
	EndGlobalSection
	GlobalSection(SolutionProperties) = preSolution
		HideSolutionNode = FALSE
	EndGlobalSection
	GlobalSection(ExtensibilityGlobals) = postSolution
		SolutionGuid = {C98EB108-DD30-45B0-9F9A-59920BC83960}
	EndGlobalSection
EndGlobal
