
Microsoft Visual Studio Solution File, Format Version 12.00
# Visual Studio Version 16
VisualStudioVersion = 16.0.30717.126
MinimumVisualStudioVersion = 10.0.40219.1
Project("{FAE04EC0-301F-11D3-BF4B-00C04F79EFBC}") = "SetsAndDictionariesAdvanced Exercise", "SetsAndDictionariesAdvanced Exercise\SetsAndDictionariesAdvanced Exercise.csproj", "{E77333E1-7E62-4823-ACE6-582A9597DDDA}"
EndProject
Project("{FAE04EC0-301F-11D3-BF4B-00C04F79EFBC}") = "SetsOfElements", "SetsOfElements\SetsOfElements.csproj", "{3603DC91-A91E-463A-83EA-7D0EE683544E}"
EndProject
Project("{FAE04EC0-301F-11D3-BF4B-00C04F79EFBC}") = "PeriodicTable", "PeriodicTable\PeriodicTable.csproj", "{F76DB7CF-D220-49F8-B4F0-E82330AA1EE5}"
EndProject
Project("{FAE04EC0-301F-11D3-BF4B-00C04F79EFBC}") = "EvenTimes", "EvenTimes\EvenTimes.csproj", "{0F9D761A-4967-49C0-A523-DDD9046C5A19}"
EndProject
Project("{FAE04EC0-301F-11D3-BF4B-00C04F79EFBC}") = "CountSymbols", "CountSymbols\CountSymbols.csproj", "{86448689-C647-4846-9017-C5F17AEA9670}"
EndProject
Project("{FAE04EC0-301F-11D3-BF4B-00C04F79EFBC}") = "Wardrobe", "Wardrobe\Wardrobe.csproj", "{FA789B56-8291-4DF3-8DE4-0E0439E40977}"
EndProject
Global
	GlobalSection(SolutionConfigurationPlatforms) = preSolution
		Debug|Any CPU = Debug|Any CPU
		Release|Any CPU = Release|Any CPU
	EndGlobalSection
	GlobalSection(ProjectConfigurationPlatforms) = postSolution
		{E77333E1-7E62-4823-ACE6-582A9597DDDA}.Debug|Any CPU.ActiveCfg = Debug|Any CPU
		{E77333E1-7E62-4823-ACE6-582A9597DDDA}.Debug|Any CPU.Build.0 = Debug|Any CPU
		{E77333E1-7E62-4823-ACE6-582A9597DDDA}.Release|Any CPU.ActiveCfg = Release|Any CPU
		{E77333E1-7E62-4823-ACE6-582A9597DDDA}.Release|Any CPU.Build.0 = Release|Any CPU
		{3603DC91-A91E-463A-83EA-7D0EE683544E}.Debug|Any CPU.ActiveCfg = Debug|Any CPU
		{3603DC91-A91E-463A-83EA-7D0EE683544E}.Debug|Any CPU.Build.0 = Debug|Any CPU
		{3603DC91-A91E-463A-83EA-7D0EE683544E}.Release|Any CPU.ActiveCfg = Release|Any CPU
		{3603DC91-A91E-463A-83EA-7D0EE683544E}.Release|Any CPU.Build.0 = Release|Any CPU
		{F76DB7CF-D220-49F8-B4F0-E82330AA1EE5}.Debug|Any CPU.ActiveCfg = Debug|Any CPU
		{F76DB7CF-D220-49F8-B4F0-E82330AA1EE5}.Debug|Any CPU.Build.0 = Debug|Any CPU
		{F76DB7CF-D220-49F8-B4F0-E82330AA1EE5}.Release|Any CPU.ActiveCfg = Release|Any CPU
		{F76DB7CF-D220-49F8-B4F0-E82330AA1EE5}.Release|Any CPU.Build.0 = Release|Any CPU
		{0F9D761A-4967-49C0-A523-DDD9046C5A19}.Debug|Any CPU.ActiveCfg = Debug|Any CPU
		{0F9D761A-4967-49C0-A523-DDD9046C5A19}.Debug|Any CPU.Build.0 = Debug|Any CPU
		{0F9D761A-4967-49C0-A523-DDD9046C5A19}.Release|Any CPU.ActiveCfg = Release|Any CPU
		{0F9D761A-4967-49C0-A523-DDD9046C5A19}.Release|Any CPU.Build.0 = Release|Any CPU
		{86448689-C647-4846-9017-C5F17AEA9670}.Debug|Any CPU.ActiveCfg = Debug|Any CPU
		{86448689-C647-4846-9017-C5F17AEA9670}.Debug|Any CPU.Build.0 = Debug|Any CPU
		{86448689-C647-4846-9017-C5F17AEA9670}.Release|Any CPU.ActiveCfg = Release|Any CPU
		{86448689-C647-4846-9017-C5F17AEA9670}.Release|Any CPU.Build.0 = Release|Any CPU
		{FA789B56-8291-4DF3-8DE4-0E0439E40977}.Debug|Any CPU.ActiveCfg = Debug|Any CPU
		{FA789B56-8291-4DF3-8DE4-0E0439E40977}.Debug|Any CPU.Build.0 = Debug|Any CPU
		{FA789B56-8291-4DF3-8DE4-0E0439E40977}.Release|Any CPU.ActiveCfg = Release|Any CPU
		{FA789B56-8291-4DF3-8DE4-0E0439E40977}.Release|Any CPU.Build.0 = Release|Any CPU
	EndGlobalSection
	GlobalSection(SolutionProperties) = preSolution
		HideSolutionNode = FALSE
	EndGlobalSection
	GlobalSection(ExtensibilityGlobals) = postSolution
		SolutionGuid = {2437EFAF-5DBF-4462-9F64-14F5A15332E1}
	EndGlobalSection
EndGlobal
