
Microsoft Visual Studio Solution File, Format Version 12.00
# Visual Studio Version 16
VisualStudioVersion = 16.0.30717.126
MinimumVisualStudioVersion = 10.0.40219.1
Project("{9A19103F-16F7-4668-BE54-9A1E7A4F7556}") = "PolymorphismExercise", "PolymorphismExercise\PolymorphismExercise.csproj", "{AB32A82C-6E58-492A-B54D-03F960A158E0}"
EndProject
Project("{9A19103F-16F7-4668-BE54-9A1E7A4F7556}") = "Raiding", "Raiding\Raiding.csproj", "{770E98DB-1CE6-48EE-9EC5-DE3E5D39D702}"
EndProject
Project("{FAE04EC0-301F-11D3-BF4B-00C04F79EFBC}") = "WildFarm", "WildFarm\WildFarm.csproj", "{356DADF1-209B-4665-9670-C6F92702949C}"
EndProject
Global
	GlobalSection(SolutionConfigurationPlatforms) = preSolution
		Debug|Any CPU = Debug|Any CPU
		Release|Any CPU = Release|Any CPU
	EndGlobalSection
	GlobalSection(ProjectConfigurationPlatforms) = postSolution
		{AB32A82C-6E58-492A-B54D-03F960A158E0}.Debug|Any CPU.ActiveCfg = Debug|Any CPU
		{AB32A82C-6E58-492A-B54D-03F960A158E0}.Debug|Any CPU.Build.0 = Debug|Any CPU
		{AB32A82C-6E58-492A-B54D-03F960A158E0}.Release|Any CPU.ActiveCfg = Release|Any CPU
		{AB32A82C-6E58-492A-B54D-03F960A158E0}.Release|Any CPU.Build.0 = Release|Any CPU
		{770E98DB-1CE6-48EE-9EC5-DE3E5D39D702}.Debug|Any CPU.ActiveCfg = Debug|Any CPU
		{770E98DB-1CE6-48EE-9EC5-DE3E5D39D702}.Debug|Any CPU.Build.0 = Debug|Any CPU
		{770E98DB-1CE6-48EE-9EC5-DE3E5D39D702}.Release|Any CPU.ActiveCfg = Release|Any CPU
		{770E98DB-1CE6-48EE-9EC5-DE3E5D39D702}.Release|Any CPU.Build.0 = Release|Any CPU
		{356DADF1-209B-4665-9670-C6F92702949C}.Debug|Any CPU.ActiveCfg = Debug|Any CPU
		{356DADF1-209B-4665-9670-C6F92702949C}.Debug|Any CPU.Build.0 = Debug|Any CPU
		{356DADF1-209B-4665-9670-C6F92702949C}.Release|Any CPU.ActiveCfg = Release|Any CPU
		{356DADF1-209B-4665-9670-C6F92702949C}.Release|Any CPU.Build.0 = Release|Any CPU
	EndGlobalSection
	GlobalSection(SolutionProperties) = preSolution
		HideSolutionNode = FALSE
	EndGlobalSection
	GlobalSection(ExtensibilityGlobals) = postSolution
		SolutionGuid = {B6A811E3-A8EC-4947-846B-82D2EE078B42}
	EndGlobalSection
EndGlobal
