
Microsoft Visual Studio Solution File, Format Version 12.00
# Visual Studio Version 16
VisualStudioVersion = 16.0.30717.126
MinimumVisualStudioVersion = 10.0.40219.1
Project("{FAE04EC0-301F-11D3-BF4B-00C04F79EFBC}") = "StackAndQueuesExercise", "StackAndQueuesExercise\StackAndQueuesExercise.csproj", "{67A22A22-6CD3-4E20-AD38-49FF70924863}"
EndProject
Project("{FAE04EC0-301F-11D3-BF4B-00C04F79EFBC}") = "BasicQueueOperations", "BasicQueueOperations\BasicQueueOperations.csproj", "{B81C8145-4D46-47D8-B74B-7D645DBAEE37}"
EndProject
Project("{FAE04EC0-301F-11D3-BF4B-00C04F79EFBC}") = "MaximumAndMinimumElement", "MaximumAndMinimumElement\MaximumAndMinimumElement.csproj", "{E49E6D5D-ADBB-4797-BCA1-D9FB49DBDB37}"
EndProject
Project("{FAE04EC0-301F-11D3-BF4B-00C04F79EFBC}") = "FastFood", "FastFood\FastFood.csproj", "{FD547F58-A672-46A3-B97D-E4E40392486D}"
EndProject
Project("{FAE04EC0-301F-11D3-BF4B-00C04F79EFBC}") = "FashionBoutique", "FashionBoutique\FashionBoutique.csproj", "{9ACD6795-4D0F-4359-9E30-3D60AD4D5282}"
EndProject
Project("{FAE04EC0-301F-11D3-BF4B-00C04F79EFBC}") = "SongsQueue", "SongsQueue\SongsQueue.csproj", "{5A110075-82E9-4E46-BA6B-C7ABA16DAAE5}"
EndProject
Project("{FAE04EC0-301F-11D3-BF4B-00C04F79EFBC}") = "TruckTour", "TruckTour\TruckTour.csproj", "{F6AF62FE-96B9-4243-A06F-4649E658950E}"
EndProject
Project("{FAE04EC0-301F-11D3-BF4B-00C04F79EFBC}") = "BalancedParenthesis", "BalancedParenthesis\BalancedParenthesis.csproj", "{015EA6BC-CD09-4D10-9F58-C55D9B6ED0BA}"
EndProject
Global
	GlobalSection(SolutionConfigurationPlatforms) = preSolution
		Debug|Any CPU = Debug|Any CPU
		Release|Any CPU = Release|Any CPU
	EndGlobalSection
	GlobalSection(ProjectConfigurationPlatforms) = postSolution
		{67A22A22-6CD3-4E20-AD38-49FF70924863}.Debug|Any CPU.ActiveCfg = Debug|Any CPU
		{67A22A22-6CD3-4E20-AD38-49FF70924863}.Debug|Any CPU.Build.0 = Debug|Any CPU
		{67A22A22-6CD3-4E20-AD38-49FF70924863}.Release|Any CPU.ActiveCfg = Release|Any CPU
		{67A22A22-6CD3-4E20-AD38-49FF70924863}.Release|Any CPU.Build.0 = Release|Any CPU
		{B81C8145-4D46-47D8-B74B-7D645DBAEE37}.Debug|Any CPU.ActiveCfg = Debug|Any CPU
		{B81C8145-4D46-47D8-B74B-7D645DBAEE37}.Debug|Any CPU.Build.0 = Debug|Any CPU
		{B81C8145-4D46-47D8-B74B-7D645DBAEE37}.Release|Any CPU.ActiveCfg = Release|Any CPU
		{B81C8145-4D46-47D8-B74B-7D645DBAEE37}.Release|Any CPU.Build.0 = Release|Any CPU
		{E49E6D5D-ADBB-4797-BCA1-D9FB49DBDB37}.Debug|Any CPU.ActiveCfg = Debug|Any CPU
		{E49E6D5D-ADBB-4797-BCA1-D9FB49DBDB37}.Debug|Any CPU.Build.0 = Debug|Any CPU
		{E49E6D5D-ADBB-4797-BCA1-D9FB49DBDB37}.Release|Any CPU.ActiveCfg = Release|Any CPU
		{E49E6D5D-ADBB-4797-BCA1-D9FB49DBDB37}.Release|Any CPU.Build.0 = Release|Any CPU
		{FD547F58-A672-46A3-B97D-E4E40392486D}.Debug|Any CPU.ActiveCfg = Debug|Any CPU
		{FD547F58-A672-46A3-B97D-E4E40392486D}.Debug|Any CPU.Build.0 = Debug|Any CPU
		{FD547F58-A672-46A3-B97D-E4E40392486D}.Release|Any CPU.ActiveCfg = Release|Any CPU
		{FD547F58-A672-46A3-B97D-E4E40392486D}.Release|Any CPU.Build.0 = Release|Any CPU
		{9ACD6795-4D0F-4359-9E30-3D60AD4D5282}.Debug|Any CPU.ActiveCfg = Debug|Any CPU
		{9ACD6795-4D0F-4359-9E30-3D60AD4D5282}.Debug|Any CPU.Build.0 = Debug|Any CPU
		{9ACD6795-4D0F-4359-9E30-3D60AD4D5282}.Release|Any CPU.ActiveCfg = Release|Any CPU
		{9ACD6795-4D0F-4359-9E30-3D60AD4D5282}.Release|Any CPU.Build.0 = Release|Any CPU
		{5A110075-82E9-4E46-BA6B-C7ABA16DAAE5}.Debug|Any CPU.ActiveCfg = Debug|Any CPU
		{5A110075-82E9-4E46-BA6B-C7ABA16DAAE5}.Debug|Any CPU.Build.0 = Debug|Any CPU
		{5A110075-82E9-4E46-BA6B-C7ABA16DAAE5}.Release|Any CPU.ActiveCfg = Release|Any CPU
		{5A110075-82E9-4E46-BA6B-C7ABA16DAAE5}.Release|Any CPU.Build.0 = Release|Any CPU
		{F6AF62FE-96B9-4243-A06F-4649E658950E}.Debug|Any CPU.ActiveCfg = Debug|Any CPU
		{F6AF62FE-96B9-4243-A06F-4649E658950E}.Debug|Any CPU.Build.0 = Debug|Any CPU
		{F6AF62FE-96B9-4243-A06F-4649E658950E}.Release|Any CPU.ActiveCfg = Release|Any CPU
		{F6AF62FE-96B9-4243-A06F-4649E658950E}.Release|Any CPU.Build.0 = Release|Any CPU
		{015EA6BC-CD09-4D10-9F58-C55D9B6ED0BA}.Debug|Any CPU.ActiveCfg = Debug|Any CPU
		{015EA6BC-CD09-4D10-9F58-C55D9B6ED0BA}.Debug|Any CPU.Build.0 = Debug|Any CPU
		{015EA6BC-CD09-4D10-9F58-C55D9B6ED0BA}.Release|Any CPU.ActiveCfg = Release|Any CPU
		{015EA6BC-CD09-4D10-9F58-C55D9B6ED0BA}.Release|Any CPU.Build.0 = Release|Any CPU
	EndGlobalSection
	GlobalSection(SolutionProperties) = preSolution
		HideSolutionNode = FALSE
	EndGlobalSection
	GlobalSection(ExtensibilityGlobals) = postSolution
		SolutionGuid = {77384918-51B5-440D-9B34-835377465AEF}
	EndGlobalSection
EndGlobal
